
Microsoft Visual Studio Solution File, Format Version 12.00
# Visual Studio 14
VisualStudioVersion = 14.0.25123.0
MinimumVisualStudioVersion = 10.0.40219.1
Project("{FAE04EC0-301F-11D3-BF4B-00C04F79EFBC}") = "MyFirstWebsite", "MyFirstWebsite\MyFirstWebsite.csproj", "{2AA92693-2CF6-420E-B199-34BADE9B453B}"
EndProject
Global
	GlobalSection(SolutionConfigurationPlatforms) = preSolution
		Debug|Any CPU = Debug|Any CPU
		Release|Any CPU = Release|Any CPU
	EndGlobalSection
	GlobalSection(ProjectConfigurationPlatforms) = postSolution
		{2AA92693-2CF6-420E-B199-34BADE9B453B}.Debug|Any CPU.ActiveCfg = Debug|Any CPU
		{2AA92693-2CF6-420E-B199-34BADE9B453B}.Debug|Any CPU.Build.0 = Debug|Any CPU
		{2AA92693-2CF6-420E-B199-34BADE9B453B}.Release|Any CPU.ActiveCfg = Release|Any CPU
		{2AA92693-2CF6-420E-B199-34BADE9B453B}.Release|Any CPU.Build.0 = Release|Any CPU
	EndGlobalSection
	GlobalSection(SolutionProperties) = preSolution
		HideSolutionNode = FALSE
	EndGlobalSection
EndGlobal
